
Microsoft Visual Studio Solution File, Format Version 12.00
# Visual Studio Express 2013 for Web
VisualStudioVersion = 12.0.31101.0
MinimumVisualStudioVersion = 10.0.40219.1
Project("{FAE04EC0-301F-11D3-BF4B-00C04F79EFBC}") = "GoogleDirections", "GoogleDirections\GoogleDirections.csproj", "{7C6447B2-D889-4306-AD8B-DA5542054C66}"
EndProject
Project("{FAE04EC0-301F-11D3-BF4B-00C04F79EFBC}") = "HotelRouteCalculation", "HotelRouteCalculation\HotelRouteCalculation.csproj", "{F1DDEF35-D97A-481F-A16D-A4F7320400BC}"
EndProject
Project("{FAE04EC0-301F-11D3-BF4B-00C04F79EFBC}") = "MapUtils", "MapUtils\MapUtils.csproj", "{F27E4D18-96B3-46DA-B183-4949680E417E}"
EndProject
Project("{FAE04EC0-301F-11D3-BF4B-00C04F79EFBC}") = "MapUtilsTest", "MapUtilsTest\MapUtilsTest.csproj", "{23D53E38-F15A-4AD3-84A8-BBE560424839}"
EndProject
Project("{FAE04EC0-301F-11D3-BF4B-00C04F79EFBC}") = "RouteHotel", "RouteHotel\RouteHotel.csproj", "{CC318083-9752-4C58-9815-E5C3AC0D6616}"
EndProject
Project("{FAE04EC0-301F-11D3-BF4B-00C04F79EFBC}") = "EANInterface", "EANInterface\EANInterface.csproj", "{C335311C-2751-451C-9A2E-00A3DA9E0DC6}"
EndProject
Project("{FAE04EC0-301F-11D3-BF4B-00C04F79EFBC}") = "HotelInterface", "HotelInterface\HotelInterface.csproj", "{1981335A-ACA9-4800-97AE-6BADF9B8D0F5}"
EndProject
Project("{FAE04EC0-301F-11D3-BF4B-00C04F79EFBC}") = "RouteTransportObjects", "RouteTransportObjects\RouteTransportObjects.csproj", "{B610C5AF-4FBF-4A1D-B830-B6CC0535A252}"
EndProject
Project("{FAE04EC0-301F-11D3-BF4B-00C04F79EFBC}") = "CalculationUtils", "Utils\CalculationUtils.csproj", "{C4A39DAD-C1E0-4A49-B114-4E98E7D93B60}"
EndProject
Global
	GlobalSection(SolutionConfigurationPlatforms) = preSolution
		Debug|Any CPU = Debug|Any CPU
		Release|Any CPU = Release|Any CPU
	EndGlobalSection
	GlobalSection(ProjectConfigurationPlatforms) = postSolution
		{7C6447B2-D889-4306-AD8B-DA5542054C66}.Debug|Any CPU.ActiveCfg = Debug|Any CPU
		{7C6447B2-D889-4306-AD8B-DA5542054C66}.Debug|Any CPU.Build.0 = Debug|Any CPU
		{7C6447B2-D889-4306-AD8B-DA5542054C66}.Release|Any CPU.ActiveCfg = Release|Any CPU
		{7C6447B2-D889-4306-AD8B-DA5542054C66}.Release|Any CPU.Build.0 = Release|Any CPU
		{F1DDEF35-D97A-481F-A16D-A4F7320400BC}.Debug|Any CPU.ActiveCfg = Debug|Any CPU
		{F1DDEF35-D97A-481F-A16D-A4F7320400BC}.Debug|Any CPU.Build.0 = Debug|Any CPU
		{F1DDEF35-D97A-481F-A16D-A4F7320400BC}.Release|Any CPU.ActiveCfg = Release|Any CPU
		{F1DDEF35-D97A-481F-A16D-A4F7320400BC}.Release|Any CPU.Build.0 = Release|Any CPU
		{F27E4D18-96B3-46DA-B183-4949680E417E}.Debug|Any CPU.ActiveCfg = Debug|Any CPU
		{F27E4D18-96B3-46DA-B183-4949680E417E}.Debug|Any CPU.Build.0 = Debug|Any CPU
		{F27E4D18-96B3-46DA-B183-4949680E417E}.Release|Any CPU.ActiveCfg = Release|Any CPU
		{F27E4D18-96B3-46DA-B183-4949680E417E}.Release|Any CPU.Build.0 = Release|Any CPU
		{23D53E38-F15A-4AD3-84A8-BBE560424839}.Debug|Any CPU.ActiveCfg = Debug|Any CPU
		{23D53E38-F15A-4AD3-84A8-BBE560424839}.Debug|Any CPU.Build.0 = Debug|Any CPU
		{23D53E38-F15A-4AD3-84A8-BBE560424839}.Release|Any CPU.ActiveCfg = Release|Any CPU
		{23D53E38-F15A-4AD3-84A8-BBE560424839}.Release|Any CPU.Build.0 = Release|Any CPU
		{CC318083-9752-4C58-9815-E5C3AC0D6616}.Debug|Any CPU.ActiveCfg = Debug|Any CPU
		{CC318083-9752-4C58-9815-E5C3AC0D6616}.Debug|Any CPU.Build.0 = Debug|Any CPU
		{CC318083-9752-4C58-9815-E5C3AC0D6616}.Release|Any CPU.ActiveCfg = Release|Any CPU
		{CC318083-9752-4C58-9815-E5C3AC0D6616}.Release|Any CPU.Build.0 = Release|Any CPU
		{C335311C-2751-451C-9A2E-00A3DA9E0DC6}.Debug|Any CPU.ActiveCfg = Debug|Any CPU
		{C335311C-2751-451C-9A2E-00A3DA9E0DC6}.Debug|Any CPU.Build.0 = Debug|Any CPU
		{C335311C-2751-451C-9A2E-00A3DA9E0DC6}.Release|Any CPU.ActiveCfg = Release|Any CPU
		{C335311C-2751-451C-9A2E-00A3DA9E0DC6}.Release|Any CPU.Build.0 = Release|Any CPU
		{1981335A-ACA9-4800-97AE-6BADF9B8D0F5}.Debug|Any CPU.ActiveCfg = Debug|Any CPU
		{1981335A-ACA9-4800-97AE-6BADF9B8D0F5}.Debug|Any CPU.Build.0 = Debug|Any CPU
		{1981335A-ACA9-4800-97AE-6BADF9B8D0F5}.Release|Any CPU.ActiveCfg = Release|Any CPU
		{1981335A-ACA9-4800-97AE-6BADF9B8D0F5}.Release|Any CPU.Build.0 = Release|Any CPU
		{B610C5AF-4FBF-4A1D-B830-B6CC0535A252}.Debug|Any CPU.ActiveCfg = Debug|Any CPU
		{B610C5AF-4FBF-4A1D-B830-B6CC0535A252}.Debug|Any CPU.Build.0 = Debug|Any CPU
		{B610C5AF-4FBF-4A1D-B830-B6CC0535A252}.Release|Any CPU.ActiveCfg = Release|Any CPU
		{B610C5AF-4FBF-4A1D-B830-B6CC0535A252}.Release|Any CPU.Build.0 = Release|Any CPU
		{C4A39DAD-C1E0-4A49-B114-4E98E7D93B60}.Debug|Any CPU.ActiveCfg = Debug|Any CPU
		{C4A39DAD-C1E0-4A49-B114-4E98E7D93B60}.Debug|Any CPU.Build.0 = Debug|Any CPU
		{C4A39DAD-C1E0-4A49-B114-4E98E7D93B60}.Release|Any CPU.ActiveCfg = Release|Any CPU
		{C4A39DAD-C1E0-4A49-B114-4E98E7D93B60}.Release|Any CPU.Build.0 = Release|Any CPU
	EndGlobalSection
	GlobalSection(SolutionProperties) = preSolution
		HideSolutionNode = FALSE
	EndGlobalSection
EndGlobal
